
Microsoft Visual Studio Solution File, Format Version 12.00
# Visual Studio Version 17
VisualStudioVersion = 17.0.31919.166
MinimumVisualStudioVersion = 10.0.40219.1
Project("{9A19103F-16F7-4668-BE54-9A1E7A4F7556}") = "app", "app\app.csproj", "{EE0E733C-370A-4A17-BCCC-F28BD04C6BC0}"
EndProject
Project("{2150E333-8FDC-42A3-9474-1A3956D46DE8}") = "app", "app", "{965935CC-9AB2-4980-9E07-F251AC745E5C}"
EndProject
Project("{2150E333-8FDC-42A3-9474-1A3956D46DE8}") = "svc", "svc", "{85BDF983-6102-48D1-904E-E67A10584167}"
EndProject
Project("{9A19103F-16F7-4668-BE54-9A1E7A4F7556}") = "service", "svc\service.csproj", "{527EE0D2-C2C2-4286-9941-B7AD3A434C2A}"
EndProject
Global
	GlobalSection(SolutionConfigurationPlatforms) = preSolution
		Debug|Any CPU = Debug|Any CPU
		Release|Any CPU = Release|Any CPU
	EndGlobalSection
	GlobalSection(ProjectConfigurationPlatforms) = postSolution
		{EE0E733C-370A-4A17-BCCC-F28BD04C6BC0}.Debug|Any CPU.ActiveCfg = Debug|Any CPU
		{EE0E733C-370A-4A17-BCCC-F28BD04C6BC0}.Debug|Any CPU.Build.0 = Debug|Any CPU
		{EE0E733C-370A-4A17-BCCC-F28BD04C6BC0}.Release|Any CPU.ActiveCfg = Release|Any CPU
		{EE0E733C-370A-4A17-BCCC-F28BD04C6BC0}.Release|Any CPU.Build.0 = Release|Any CPU
		{527EE0D2-C2C2-4286-9941-B7AD3A434C2A}.Debug|Any CPU.ActiveCfg = Debug|Any CPU
		{527EE0D2-C2C2-4286-9941-B7AD3A434C2A}.Debug|Any CPU.Build.0 = Debug|Any CPU
		{527EE0D2-C2C2-4286-9941-B7AD3A434C2A}.Release|Any CPU.ActiveCfg = Release|Any CPU
		{527EE0D2-C2C2-4286-9941-B7AD3A434C2A}.Release|Any CPU.Build.0 = Release|Any CPU
	EndGlobalSection
	GlobalSection(SolutionProperties) = preSolution
		HideSolutionNode = FALSE
	EndGlobalSection
	GlobalSection(NestedProjects) = preSolution
		{EE0E733C-370A-4A17-BCCC-F28BD04C6BC0} = {965935CC-9AB2-4980-9E07-F251AC745E5C}
		{527EE0D2-C2C2-4286-9941-B7AD3A434C2A} = {85BDF983-6102-48D1-904E-E67A10584167}
	EndGlobalSection
	GlobalSection(ExtensibilityGlobals) = postSolution
		SolutionGuid = {188EBFF7-C33B-43B5-B830-C434EAE8D933}
	EndGlobalSection
EndGlobal
